
Microsoft Visual Studio Solution File, Format Version 12.00
# Visual Studio Version 17
VisualStudioVersion = 17.4.33213.308
MinimumVisualStudioVersion = 10.0.40219.1
Project("{9A19103F-16F7-4668-BE54-9A1E7A4F7556}") = "BlazorAppC2Corridor", "BlazorAppC2Corridor\BlazorAppC2Corridor.csproj", "{4BE34B9E-6FFD-44B9-B317-4EF8B04F5544}"
EndProject
Project("{9A19103F-16F7-4668-BE54-9A1E7A4F7556}") = "BlazorAppC2CorridorTest", "..\BlazorAppC2CorridorTest\BlazorAppC2CorridorTest.csproj", "{B3D55568-AB36-4803-8FD1-D9CC3A551756}"
EndProject
Global
	GlobalSection(SolutionConfigurationPlatforms) = preSolution
		Debug|Any CPU = Debug|Any CPU
		Release|Any CPU = Release|Any CPU
	EndGlobalSection
	GlobalSection(ProjectConfigurationPlatforms) = postSolution
		{4BE34B9E-6FFD-44B9-B317-4EF8B04F5544}.Debug|Any CPU.ActiveCfg = Debug|Any CPU
		{4BE34B9E-6FFD-44B9-B317-4EF8B04F5544}.Debug|Any CPU.Build.0 = Debug|Any CPU
		{4BE34B9E-6FFD-44B9-B317-4EF8B04F5544}.Release|Any CPU.ActiveCfg = Release|Any CPU
		{4BE34B9E-6FFD-44B9-B317-4EF8B04F5544}.Release|Any CPU.Build.0 = Release|Any CPU
		{B3D55568-AB36-4803-8FD1-D9CC3A551756}.Debug|Any CPU.ActiveCfg = Debug|Any CPU
		{B3D55568-AB36-4803-8FD1-D9CC3A551756}.Debug|Any CPU.Build.0 = Debug|Any CPU
		{B3D55568-AB36-4803-8FD1-D9CC3A551756}.Release|Any CPU.ActiveCfg = Release|Any CPU
		{B3D55568-AB36-4803-8FD1-D9CC3A551756}.Release|Any CPU.Build.0 = Release|Any CPU
	EndGlobalSection
	GlobalSection(SolutionProperties) = preSolution
		HideSolutionNode = FALSE
	EndGlobalSection
	GlobalSection(ExtensibilityGlobals) = postSolution
		SolutionGuid = {148A712A-BA16-4FC3-B02D-95CBBAABCA5D}
	EndGlobalSection
EndGlobal
